
Microsoft Visual Studio Solution File, Format Version 12.00
# Visual Studio Version 17
VisualStudioVersion = 17.8.34330.188
MinimumVisualStudioVersion = 10.0.40219.1
Project("{FAE04EC0-301F-11D3-BF4B-00C04F79EFBC}") = "UrbanClapClone", "UrbanClapClone\UrbanClapClone.csproj", "{8DE68E8D-A152-42DF-9C94-E4BC7254E083}"
EndProject
Global
	GlobalSection(SolutionConfigurationPlatforms) = preSolution
		Debug|Any CPU = Debug|Any CPU
		Release|Any CPU = Release|Any CPU
	EndGlobalSection
	GlobalSection(ProjectConfigurationPlatforms) = postSolution
		{8DE68E8D-A152-42DF-9C94-E4BC7254E083}.Debug|Any CPU.ActiveCfg = Debug|Any CPU
		{8DE68E8D-A152-42DF-9C94-E4BC7254E083}.Debug|Any CPU.Build.0 = Debug|Any CPU
		{8DE68E8D-A152-42DF-9C94-E4BC7254E083}.Release|Any CPU.ActiveCfg = Release|Any CPU
		{8DE68E8D-A152-42DF-9C94-E4BC7254E083}.Release|Any CPU.Build.0 = Release|Any CPU
	EndGlobalSection
	GlobalSection(SolutionProperties) = preSolution
		HideSolutionNode = FALSE
	EndGlobalSection
	GlobalSection(ExtensibilityGlobals) = postSolution
		SolutionGuid = {85BF2D91-6274-4781-8398-26729A401661}
	EndGlobalSection
EndGlobal
